
Microsoft Visual Studio Solution File, Format Version 12.00
# Visual Studio Version 17
VisualStudioVersion = 17.8.34330.188
MinimumVisualStudioVersion = 10.0.40219.1
Project("{FAE04EC0-301F-11D3-BF4B-00C04F79EFBC}") = "MoneyMinder-dotnet-mvc.API", "MoneyMinder-dotnet-mvc.API\MoneyMinder-dotnet-mvc.API.csproj", "{24FDA967-4B4F-4855-861D-B82ACAC6F18B}"
EndProject
Global
	GlobalSection(SolutionConfigurationPlatforms) = preSolution
		Debug|Any CPU = Debug|Any CPU
		Release|Any CPU = Release|Any CPU
	EndGlobalSection
	GlobalSection(ProjectConfigurationPlatforms) = postSolution
		{24FDA967-4B4F-4855-861D-B82ACAC6F18B}.Debug|Any CPU.ActiveCfg = Debug|Any CPU
		{24FDA967-4B4F-4855-861D-B82ACAC6F18B}.Debug|Any CPU.Build.0 = Debug|Any CPU
		{24FDA967-4B4F-4855-861D-B82ACAC6F18B}.Release|Any CPU.ActiveCfg = Release|Any CPU
		{24FDA967-4B4F-4855-861D-B82ACAC6F18B}.Release|Any CPU.Build.0 = Release|Any CPU
	EndGlobalSection
	GlobalSection(SolutionProperties) = preSolution
		HideSolutionNode = FALSE
	EndGlobalSection
	GlobalSection(ExtensibilityGlobals) = postSolution
		SolutionGuid = {11B0D635-0F49-473A-A554-43BE1234AB0C}
	EndGlobalSection
EndGlobal
